{
  "version": 1,
  "dependencies": {
    "net10.0-windows10.0.19041": {
      "HtmlAgilityPack": {
        "type": "Direct",
        "requested": "[1.12.2, )",
        "resolved": "1.12.2",
        "contentHash": "btF/9sB65h0V9ipZxVfEQ9fxDwXSFRwhi4Z1qFBgnXONqWVKZE3LxS0JEMW73G3gvrFI7/IAqLA1y/15HDa3fw=="
      },
      "Microsoft.NET.ILLink.Tasks": {
        "type": "Direct",
        "requested": "[10.0.11, )",
        "resolved": "10.0.11",
        "contentHash": "IBf7lbovvjGWVWXZX5cJ/cO0WXbId0Zq4BuSeT94mGZuOAP66oMeH9PTBZ9Jpp3Jb6jtK0qm/NyUbPRo1gC/wQ=="
      },
      "Newtonsoft.Json": {
        "type": "Direct",
        "requested": "[13.0.3, )",
        "resolved": "13.0.3",
        "contentHash": "HrC5BXdl00IP9zeV+0Z848QWPAoCr9P3bDEZguI+gkLcBKAOxix/tLEAAHC+UvDNPv4a2d18lOReHMOagPa+zQ=="
      }
    },
    "net10.0-windows10.0.19041/win-x64": {}
  }
}